Microsoft Visual Studio Solution File, Format Version 12.00
# Visual Studio 15
VisualStudioVersion = 15.0.28307.1231
MinimumVisualStudioVersion = 10.0.40219.1
Project("{8BC9CEB8-8B4A-11D0-8D11-00A0C91BC942}") = "Grid-Game(OpenCV)", "OpenCV\OpenCV2 Example.vcxproj", "{BB993CBB-582A-47E6-9066-3267F4C7759B}"
EndProject
Project("{8BC9CEB8-8B4A-11D0-8D11-00A0C91BC942}") = "Grid-Game(DX10)", "DX10\Grid-Game_2010.vcxproj", "{D3D10109-96D0-4629-88B8-122C0256058C}"
EndProject
Global
	GlobalSection(SolutionConfigurationPlatforms) = preSolution
		Debug|x64 = Debug|x64
		Debug|x86 = Debug|x86
		Profile|x64 = Profile|x64
		Profile|x86 = Profile|x86
		Release|x64 = Release|x64
		Release|x86 = Release|x86
	EndGlobalSection
	GlobalSection(ProjectConfigurationPlatforms) = postSolution
		{BB993CBB-582A-47E6-9066-3267F4C7759B}.Debug|x64.ActiveCfg = Debug|x64
		{BB993CBB-582A-47E6-9066-3267F4C7759B}.Debug|x64.Build.0 = Debug|x64
		{BB993CBB-582A-47E6-9066-3267F4C7759B}.Debug|x86.ActiveCfg = Debug|x64
		{BB993CBB-582A-47E6-9066-3267F4C7759B}.Profile|x64.ActiveCfg = Release|x64
		{BB993CBB-582A-47E6-9066-3267F4C7759B}.Profile|x64.Build.0 = Release|x64
		{BB993CBB-582A-47E6-9066-3267F4C7759B}.Profile|x86.ActiveCfg = Release|x64
		{BB993CBB-582A-47E6-9066-3267F4C7759B}.Profile|x86.Build.0 = Release|x64
		{BB993CBB-582A-47E6-9066-3267F4C7759B}.Release|x64.ActiveCfg = Release|x64
		{BB993CBB-582A-47E6-9066-3267F4C7759B}.Release|x64.Build.0 = Release|x64
		{BB993CBB-582A-47E6-9066-3267F4C7759B}.Release|x86.ActiveCfg = Release|x64
		{D3D10109-96D0-4629-88B8-122C0256058C}.Debug|x64.ActiveCfg = Debug|x64
		{D3D10109-96D0-4629-88B8-122C0256058C}.Debug|x64.Build.0 = Debug|x64
		{D3D10109-96D0-4629-88B8-122C0256058C}.Debug|x86.ActiveCfg = Debug|Win32
		{D3D10109-96D0-4629-88B8-122C0256058C}.Debug|x86.Build.0 = Debug|Win32
		{D3D10109-96D0-4629-88B8-122C0256058C}.Profile|x64.ActiveCfg = Profile|x64
		{D3D10109-96D0-4629-88B8-122C0256058C}.Profile|x64.Build.0 = Profile|x64
		{D3D10109-96D0-4629-88B8-122C0256058C}.Profile|x86.ActiveCfg = Profile|Win32
		{D3D10109-96D0-4629-88B8-122C0256058C}.Profile|x86.Build.0 = Profile|Win32
		{D3D10109-96D0-4629-88B8-122C0256058C}.Release|x64.ActiveCfg = Release|x64
		{D3D10109-96D0-4629-88B8-122C0256058C}.Release|x64.Build.0 = Release|x64
		{D3D10109-96D0-4629-88B8-122C0256058C}.Release|x86.ActiveCfg = Release|Win32
		{D3D10109-96D0-4629-88B8-122C0256058C}.Release|x86.Build.0 = Release|Win32
	EndGlobalSection
	GlobalSection(SolutionProperties) = preSolution
		HideSolutionNode = FALSE
	EndGlobalSection
	GlobalSection(ExtensibilityGlobals) = postSolution
		SolutionGuid = {315941B7-C30F-4932-A837-2E6DBCE4621E}
	EndGlobalSection
EndGlobal
